{
  "name": "linkos",
  "version": "1.0.0",
  "lockfileVersion": 3,
  "requires": true,
  "packages": {
    "": {
      "name": "linkos",
      "version": "1.0.0",
      "dependencies": {
        "build": "node tools/build.js",
        "build:dev": "node tools/build.js --dev",
        "build:empty": "node tools/build.js --empty-rootfs",
        "build:rootfs": "node tools/build.js --rootfs"
      }
    }
  }
}
